Microsoft Visual Studio Solution File, Format Version 11.00
# Visual Studio 2008

Project("{84B4D4D8-5DBD-B55A-91FA-7C49BA766511}") = "Hunt The Wumpus 3D", "Assembly-CSharp.csproj", "{B002C181-A7CD-408B-6149-2BE248C8ED47}"
EndProject
Global
	GlobalSection(SolutionConfigurationPlatforms) = preSolution
		Debug|Any CPU = Debug|Any CPU
		Release|Any CPU = Release|Any CPU
	EndGlobalSection
	GlobalSection(ProjectConfigurationPlatforms) = postSolution
		{B002C181-A7CD-408B-6149-2BE248C8ED47}.Debug|Any CPU.ActiveCfg = Debug|Any CPU
		{B002C181-A7CD-408B-6149-2BE248C8ED47}.Debug|Any CPU.Build.0 = Debug|Any CPU
		{B002C181-A7CD-408B-6149-2BE248C8ED47}.Release|Any CPU.ActiveCfg = Release|Any CPU
		{B002C181-A7CD-408B-6149-2BE248C8ED47}.Release|Any CPU.Build.0 = Release|Any CPU
	EndGlobalSection
	GlobalSection(SolutionProperties) = preSolution
		HideSolutionNode = FALSE
	EndGlobalSection
	GlobalSection(MonoDevelopProperties) = preSolution
		StartupItem = Assembly-CSharp.csproj
	EndGlobalSection
EndGlobal
